
Microsoft Visual Studio Solution File, Format Version 12.00
# Visual Studio Version 17
VisualStudioVersion = 17.10.35013.160
MinimumVisualStudioVersion = 10.0.40219.1
Project("{9A19103F-16F7-4668-BE54-9A1E7A4F7556}") = "ApiTests", "ApiTests.csproj", "{39CAD52B-7075-451F-BC51-F7C9E9ED412D}"
EndProject
Global
	GlobalSection(SolutionConfigurationPlatforms) = preSolution
		Debug|Any CPU = Debug|Any CPU
		Release|Any CPU = Release|Any CPU
	EndGlobalSection
	GlobalSection(ProjectConfigurationPlatforms) = postSolution
		{39CAD52B-7075-451F-BC51-F7C9E9ED412D}.Debug|Any CPU.ActiveCfg = Debug|Any CPU
		{39CAD52B-7075-451F-BC51-F7C9E9ED412D}.Debug|Any CPU.Build.0 = Debug|Any CPU
		{39CAD52B-7075-451F-BC51-F7C9E9ED412D}.Release|Any CPU.ActiveCfg = Release|Any CPU
		{39CAD52B-7075-451F-BC51-F7C9E9ED412D}.Release|Any CPU.Build.0 = Release|Any CPU
	EndGlobalSection
	GlobalSection(SolutionProperties) = preSolution
		HideSolutionNode = FALSE
	EndGlobalSection
	GlobalSection(ExtensibilityGlobals) = postSolution
		SolutionGuid = {8232886E-227D-4E3D-B661-868EFC9A8C93}
	EndGlobalSection
EndGlobal
